metadata:
  content_hash:
    linux-64: e90c2ee71ad70fc0a1c8302029533a7d1498f2bffcd0eaa8d2934700e775dc1d
  channels:
  - url: https://conda.anaconda.org/conda-forge/
    used_env_vars: []
  platforms:
  - linux-64
  sources: []
  time_metadata: null
  git_metadata: null
  inputs_metadata: null
  custom_metadata: null
package:
- platform: linux-64
  name: _libgcc_mutex
  version: '0.1'
  category: main
  manager: conda
  dependencies: []
  url: https://conda.anaconda.org/conda-forge/linux-64/_libgcc_mutex-0.1-conda_forge.tar.bz2
  hash:
    md5: d7c89558ba9fa0495403155b64376d81
    sha256: fe51de6107f9edc7aa4f786a70f4a883943bc9d39b3bb7307c04c41410990726
  build: conda_forge
  arch: x86_64
  subdir: linux-64
  build_number: 0
  license: None
  size: 2562
  timestamp: 1578324546067
- platform: linux-64
  name: _openmp_mutex
  version: '4.5'
  category: main
  manager: conda
  dependencies:
  - _libgcc_mutex 0.1 conda_forge
  - libgomp >=7.5.0
  url: https://conda.anaconda.org/conda-forge/linux-64/_openmp_mutex-4.5-2_gnu.tar.bz2
  hash:
    md5: 73aaf86a425cc6e73fcf236a5a46396d
    sha256: fbe2c5e56a653bebb982eda4876a9178aedfc2b545f25d0ce9c4c0b508253d22
  build: 2_gnu
  arch: x86_64
  subdir: linux-64
  build_number: 16
  constrains:
  - openmp_impl 9999
  license: BSD-3-Clause
  license_family: BSD
  size: 23621
  timestamp: 1650670423406
- platform: linux-64
  name: annotated-types
  version: 0.6.0
  category: main
  manager: conda
  dependencies:
  - python >=3.7
  - typing-extensions >=4.0.0
  url: https://conda.anaconda.org/conda-forge/noarch/annotated-types-0.6.0-pyhd8ed1ab_0.conda
  hash:
    md5: 997c29372bdbe2afee073dff71f35923
    sha256: 3a2c98154d95cfd54daba6b7d507d31f5ba07ac2ad955c44eb041b66563193cd
  build: pyhd8ed1ab_0
  arch: x86_64
  subdir: linux-64
  build_number: 0
  license: MIT
  license_family: MIT
  noarch: python
  size: 17026
  timestamp: 1696634393637
- platform: linux-64
  name: anyio
  version: 3.7.1
  category: main
  manager: conda
  dependencies:
  - exceptiongroup
  - idna >=2.8
  - python >=3.7
  - sniffio >=1.1
  - typing_extensions
  url: https://conda.anaconda.org/conda-forge/noarch/anyio-3.7.1-pyhd8ed1ab_0.conda
  hash:
    md5: 7b517e7a6f0790337906c055aa97ca49
    sha256: 62637ac498bcf47783cbf4f48e9b09e4e2f5a6ad42f43ca8f632c353827b94f4
  build: pyhd8ed1ab_0
  arch: x86_64
  subdir: linux-64
  build_number: 0
  constrains:
  - trio >=0.16,<0.22
  license: MIT
  license_family: MIT
  noarch: python
  size: 96707
  timestamp: 1688651250785
- platform: linux-64
  name: brotli-python
  version: 1.1.0
  category: main
  manager: conda
  dependencies:
  - libgcc-ng >=12
  - libstdcxx-ng >=12
  - python >=3.12.0rc3,<3.13.0a0
  - python_abi 3.12.* *_cp312
  url: https://conda.anaconda.org/conda-forge/linux-64/brotli-python-1.1.0-py312h30efb56_1.conda
  hash:
    md5: 45801a89533d3336a365284d93298e36
    sha256: b68706698b6ac0d31196a8bcb061f0d1f35264bcd967ea45e03e108149a74c6f
  build: py312h30efb56_1
  arch: x86_64
  subdir: linux-64
  build_number: 1
  constrains:
  - libbrotlicommon 1.1.0 hd590300_1
  license: MIT
  license_family: MIT
  size: 350604
  timestamp: 1695990206327
- platform: linux-64
  name: bzip2
  version: 1.0.8
  category: main
  manager: conda
  dependencies:
  - libgcc-ng >=12
  url: https://conda.anaconda.org/conda-forge/linux-64/bzip2-1.0.8-hd590300_5.conda
  hash:
    md5: 69b8b6202a07720f448be700e300ccf4
    sha256: 242c0c324507ee172c0e0dd2045814e746bb303d1eb78870d182ceb0abc726a8
  build: hd590300_5
  arch: x86_64
  subdir: linux-64
  build_number: 5
  license: bzip2-1.0.6
  license_family: BSD
  size: 254228
  timestamp: 1699279927352
- platform: linux-64
  name: ca-certificates
  version: 2023.11.17
  category: main
  manager: conda
  dependencies: []
  url: https://conda.anaconda.org/conda-forge/linux-64/ca-certificates-2023.11.17-hbcca054_0.conda
  hash:
    md5: 01ffc8d36f9eba0ce0b3c1955fa780ee
    sha256: fb4b9f4b7d885002db0b93e22f44b5b03791ef3d4efdc9d0662185a0faafd6b6
  build: hbcca054_0
  arch: x86_64
  subdir: linux-64
  build_number: 0
  license: ISC
  size: 154117
  timestamp: 1700280881924
- platform: linux-64
  name: certifi
  version: 2023.11.17
  category: main
  manager: conda
  dependencies:
  - python >=3.7
  url: https://conda.anaconda.org/conda-forge/noarch/certifi-2023.11.17-pyhd8ed1ab_0.conda
  hash:
    md5: 2011bcf45376341dd1d690263fdbc789
    sha256: afa22b77128a812cb57bc707c297d926561bd225a3d9dd74205d87a3b2d14a96
  build: pyhd8ed1ab_0
  arch: x86_64
  subdir: linux-64
  build_number: 0
  license: ISC
  noarch: python
  size: 158939
  timestamp: 1700303562512
- platform: linux-64
  name: cffi
  version: 1.16.0
  category: main
  manager: conda
  dependencies:
  - libffi >=3.4,<4.0a0
  - libgcc-ng >=12
  - pycparser
  - python >=3.12.0rc3,<3.13.0a0
  - python_abi 3.12.* *_cp312
  url: https://conda.anaconda.org/conda-forge/linux-64/cffi-1.16.0-py312hf06ca03_0.conda
  hash:
    md5: 56b0ca764ce23cc54f3f7e2a7b970f6d
    sha256: 5a36e2c254603c367d26378fa3a205bd92263e30acf195f488749562b4c44251
  build: py312hf06ca03_0
  arch: x86_64
  subdir: linux-64
  build_number: 0
  license: MIT
  license_family: MIT
  size: 294523
  timestamp: 1696001868949
- platform: linux-64
  name: charset-normalizer
  version: 3.3.2
  category: main
  manager: conda
  dependencies:
  - python >=3.7
  url: https://conda.anaconda.org/conda-forge/noarch/charset-normalizer-3.3.2-pyhd8ed1ab_0.conda
  hash:
    md5: 7f4a9e3fcff3f6356ae99244a014da6a
    sha256: 20cae47d31fdd58d99c4d2e65fbdcefa0b0de0c84e455ba9d6356a4bdbc4b5b9
  build: pyhd8ed1ab_0
  arch: x86_64
  subdir: linux-64
  build_number: 0
  license: MIT
  license_family: MIT
  noarch: python
  size: 46597
  timestamp: 1698833765762
- platform: linux-64
  name: click
  version: 8.1.7
  category: main
  manager: conda
  dependencies:
  - __unix
  - python >=3.8
  url: https://conda.anaconda.org/conda-forge/noarch/click-8.1.7-unix_pyh707e725_0.conda
  hash:
    md5: f3ad426304898027fc619827ff428eca
    sha256: f0016cbab6ac4138a429e28dbcb904a90305b34b3fe41a9b89d697c90401caec
  build: unix_pyh707e725_0
  arch: x86_64
  subdir: linux-64
  build_number: 0
  license: BSD-3-Clause
  license_family: BSD
  noarch: python
  size: 84437
  timestamp: 1692311973840
- platform: linux-64
  name: cryptography
  version: 41.0.7
  category: main
  manager: conda
  dependencies:
  - cffi >=1.12
  - libgcc-ng >=12
  - openssl >=3.1.4,<4.0a0
  - python >=3.12,<3.13.0a0
  - python_abi 3.12.* *_cp312
  url: https://conda.anaconda.org/conda-forge/linux-64/cryptography-41.0.7-py312h4742d6a_1.conda
  hash:
    md5: 82b6c3083757a04e8a2a4759a33df382
    sha256: d19e2f2b6ac9b0797b8da5d3cb24072af76ac975e19c82086b84b0f10207ee3c
  build: py312h4742d6a_1
  arch: x86_64
  subdir: linux-64
  build_number: 1
  license: Apache-2.0 AND BSD-3-Clause AND PSF-2.0 AND MIT
  license_family: BSD
  size: 2038499
  timestamp: 1701563490548
- platform: linux-64
  name: dnspython
  version: 2.4.2
  category: main
  manager: conda
  dependencies:
  - cryptography >=2.6,<42.0
  - httpcore >=0.17.3
  - idna >=2.1,<4.0
  - python >=3.8.0,<4.0.0
  - sniffio
  url: https://conda.anaconda.org/conda-forge/noarch/dnspython-2.4.2-pyhd8ed1ab_1.conda
  hash:
    md5: b9657eab1e69207feba4f21fa1207b03
    sha256: eb7de9ddc2c3a5aef78d6c74d2652ada0e1d47e11304953e65b3c7dfd8290f18
  build: pyhd8ed1ab_1
  arch: x86_64
  subdir: linux-64
  build_number: 1
  constrains:
  - h2 >=4.1.0
  - aioquic >=0.9.20
  - httpx >=0.24.1
  - wmi >=1.5.1,<2.0.0
  - trio >=0.14,<0.23
  license: ISC
  license_family: OTHER
  noarch: python
  size: 164122
  timestamp: 1697529882963
- platform: linux-64
  name: email-validator
  version: 2.1.0.post1
  category: main
  manager: conda
  dependencies:
  - dnspython >=2.0.0
  - idna >=2.0.0
  - python >=3.7
  url: https://conda.anaconda.org/conda-forge/noarch/email-validator-2.1.0.post1-pyhd8ed1ab_0.conda
  hash:
    md5: 192fe8f657c763c6120d9f8592055847
    sha256: 0b2e503da10648e2fa8d13035ddda174a549732c4f17476363882ebf67867283
  build: pyhd8ed1ab_0
  arch: x86_64
  subdir: linux-64
  build_number: 0
  license: CC0-1.0
  license_family: CC
  noarch: python
  size: 42277
  timestamp: 1698062496886
- platform: linux-64
  name: exceptiongroup
  version: 1.2.0
  category: main
  manager: conda
  dependencies:
  - python >=3.7
  url: https://conda.anaconda.org/conda-forge/noarch/exceptiongroup-1.2.0-pyhd8ed1ab_0.conda
  hash:
    md5: f6c211fee3c98229652b60a9a42ef363
    sha256: cf83dcaf9006015c8ccab3fc6770f478464a66a8769e1763ca5d7dff09d11d08
  build: pyhd8ed1ab_0
  arch: x86_64
  subdir: linux-64
  build_number: 0
  license: BSD-3-Clause
  license_family: BSD
  noarch: python
  size: 20473
  timestamp: 1700579932017
- platform: linux-64
  name: fastapi
  version: 0.105.0
  category: main
  manager: conda
  dependencies:
  - anyio >=3.7.1,<4.0.0
  - pydantic >=1.7.4,!=1.8,!=1.8.1,!=2.0.0,!=2.0.1,!=2.1.0,<3.0.0
  - python >=3.8
  - starlette >=0.27.0,<0.28.0
  - typing-extensions >=4.8.0
  url: https://conda.anaconda.org/conda-forge/noarch/fastapi-0.105.0-pyhd8ed1ab_0.conda
  hash:
    md5: addf0ea876c495048847bd318cd042ff
    sha256: 7b4c318cc155fd575a1ed6d852ad5a89a3aac0c661cb34b7db6e5bd55739c934
  build: pyhd8ed1ab_0
  arch: x86_64
  subdir: linux-64
  build_number: 0
  license: MIT
  license_family: MIT
  noarch: python
  size: 71370
  timestamp: 1702349546960
- platform: linux-64
  name: fastui
  version: 0.3.0
  category: main
  manager: conda
  dependencies:
  - email-validator >=2.0.0
  - fastapi >=0.104
  - pydantic >=2.5.2
  - python >=3.8
  - python-multipart >=0.0.6
  url: https://conda.anaconda.org/conda-forge/noarch/fastui-0.3.0-pyhd8ed1ab_0.conda
  hash:
    md5: 35e9cd4d5133b2caca1f186ee9d4e879
    sha256: 3bca96a8b7de2e8cf9e854c6aecae3ad9eb960b09b027137bf1599f645592e59
  build: pyhd8ed1ab_0
  arch: x86_64
  subdir: linux-64
  build_number: 0
  license: MIT
  license_family: MIT
  noarch: python
  size: 19484
  timestamp: 1702667957739
- platform: linux-64
  name: greenlet
  version: 3.0.2
  category: main
  manager: conda
  dependencies:
  - libgcc-ng >=12
  - libstdcxx-ng >=12
  - python >=3.12,<3.13.0a0
  - python_abi 3.12.* *_cp312
  url: https://conda.anaconda.org/conda-forge/linux-64/greenlet-3.0.2-py312h30efb56_0.conda
  hash:
    md5: 258f7aa5369194c0030f39cc30fc2c74
    sha256: cbaa044415a43bf55b842126bd98d6b9f2f50f818b2546d4db93cf0c049ff4f2
  build: py312h30efb56_0
  arch: x86_64
  subdir: linux-64
  build_number: 0
  license: MIT
  license_family: MIT
  size: 228856
  timestamp: 1702072752250
- platform: linux-64
  name: h11
  version: 0.14.0
  category: main
  manager: conda
  dependencies:
  - python >=3
  - typing_extensions
  url: https://conda.anaconda.org/conda-forge/noarch/h11-0.14.0-pyhd8ed1ab_0.tar.bz2
  hash:
    md5: b21ed0883505ba1910994f1df031a428
    sha256: 817d2c77d53afe3f3d9cf7f6eb8745cdd8ea76c7adaa9d7ced75c455a2c2c085
  build: pyhd8ed1ab_0
  arch: x86_64
  subdir: linux-64
  build_number: 0
  license: MIT
  license_family: MIT
  noarch: python
  size: 48251
  timestamp: 1664132995560
- platform: linux-64
  name: h2
  version: 4.1.0
  category: main
  manager: conda
  dependencies:
  - hpack >=4.0,<5
  - hyperframe >=6.0,<7
  - python >=3.6.1
  url: https://conda.anaconda.org/conda-forge/noarch/h2-4.1.0-pyhd8ed1ab_0.tar.bz2
  hash:
    md5: b748fbf7060927a6e82df7cb5ee8f097
    sha256: bfc6a23849953647f4e255c782e74a0e18fe16f7e25c7bb0bc57b83bb6762c7a
  build: pyhd8ed1ab_0
  arch: x86_64
  subdir: linux-64
  build_number: 0
  license: MIT
  license_family: MIT
  noarch: python
  size: 46754
  timestamp: 1634280590080
- platform: linux-64
  name: hpack
  version: 4.0.0
  category: main
  manager: conda
  dependencies:
  - python
  url: https://conda.anaconda.org/conda-forge/noarch/hpack-4.0.0-pyh9f0ad1d_0.tar.bz2
  hash:
    md5: 914d6646c4dbb1fd3ff539830a12fd71
    sha256: 5dec948932c4f740674b1afb551223ada0c55103f4c7bf86a110454da3d27cb8
  build: pyh9f0ad1d_0
  arch: x86_64
  subdir: linux-64
  build_number: 0
  license: MIT
  license_family: MIT
  noarch: python
  size: 25341
  timestamp: 1598856368685
- platform: linux-64
  name: httpcore
  version: 1.0.2
  category: main
  manager: conda
  dependencies:
  - anyio >=3.0,<5.0
  - certifi
  - h11 >=0.13,<0.15
  - h2 >=3,<5
  - python >=3.8
  - sniffio 1.*
  url: https://conda.anaconda.org/conda-forge/noarch/httpcore-1.0.2-pyhd8ed1ab_0.conda
  hash:
    md5: 48995b2157996a94f50fa483d884e0a3
    sha256: b9a2ec0ecdaf54d67caf73d8a94c8ddba62f482093a5adbfb89c2ce020d64475
  build: pyhd8ed1ab_0
  arch: x86_64
  subdir: linux-64
  build_number: 0
  license: BSD-3-Clause
  license_family: BSD
  noarch: python
  size: 45251
  timestamp: 1699629280706
- platform: linux-64
  name: httpx
  version: 0.25.2
  category: main
  manager: conda
  dependencies:
  - anyio
  - certifi
  - httpcore 1.*
  - idna
  - python >=3.8
  - sniffio
  url: https://conda.anaconda.org/conda-forge/noarch/httpx-0.25.2-pyhd8ed1ab_0.conda
  hash:
    md5: 80e638907ed5b5c5109c44660464d1e4
    sha256: 511f591643f9e67470d9217698a78dd40f3e6178798e79060c2142807e1d4861
  build: pyhd8ed1ab_0
  arch: x86_64
  subdir: linux-64
  build_number: 0
  license: BSD-3-Clause
  license_family: BSD
  noarch: python
  size: 64306
  timestamp: 1701072741725
- platform: linux-64
  name: hyperframe
  version: 6.0.1
  category: main
  manager: conda
  dependencies:
  - python >=3.6
  url: https://conda.anaconda.org/conda-forge/noarch/hyperframe-6.0.1-pyhd8ed1ab_0.tar.bz2
  hash:
    md5: 9f765cbfab6870c8435b9eefecd7a1f4
    sha256: e374a9d0f53149328134a8d86f5d72bca4c6dcebed3c0ecfa968c02996289330
  build: pyhd8ed1ab_0
  arch: x86_64
  subdir: linux-64
  build_number: 0
  license: MIT
  license_family: MIT
  noarch: python
  size: 14646
  timestamp: 1619110249723
- platform: linux-64
  name: idna
  version: '3.6'
  category: main
  manager: conda
  dependencies:
  - python >=3.6
  url: https://conda.anaconda.org/conda-forge/noarch/idna-3.6-pyhd8ed1ab_0.conda
  hash:
    md5: 1a76f09108576397c41c0b0c5bd84134
    sha256: 6ee4c986d69ce61e60a20b2459b6f2027baeba153f0a64995fd3cb47c2cc7e07
  build: pyhd8ed1ab_0
  arch: x86_64
  subdir: linux-64
  build_number: 0
  license: BSD-3-Clause
  license_family: BSD
  noarch: python
  size: 50124
  timestamp: 1701027126206
- platform: linux-64
  name: ld_impl_linux-64
  version: '2.40'
  category: main
  manager: conda
  dependencies: []
  url: https://conda.anaconda.org/conda-forge/linux-64/ld_impl_linux-64-2.40-h41732ed_0.conda
  hash:
    md5: 7aca3059a1729aa76c597603f10b0dd3
    sha256: f6cc89d887555912d6c61b295d398cff9ec982a3417d38025c45d5dd9b9e79cd
  build: h41732ed_0
  arch: x86_64
  subdir: linux-64
  build_number: 0
  constrains:
  - binutils_impl_linux-64 2.40
  license: GPL-3.0-only
  license_family: GPL
  size: 704696
  timestamp: 1674833944779
- platform: linux-64
  name: libexpat
  version: 2.5.0
  category: main
  manager: conda
  dependencies:
  - libgcc-ng >=12
  url: https://conda.anaconda.org/conda-forge/linux-64/libexpat-2.5.0-hcb278e6_1.conda
  hash:
    md5: 6305a3dd2752c76335295da4e581f2fd
    sha256: 74c98a563777ae2ad71f1f74d458a8ab043cee4a513467c159ccf159d0e461f3
  build: hcb278e6_1
  arch: x86_64
  subdir: linux-64
  build_number: 1
  constrains:
  - expat 2.5.0.*
  license: MIT
  license_family: MIT
  size: 77980
  timestamp: 1680190528313
- platform: linux-64
  name: libffi
  version: 3.4.2
  category: main
  manager: conda
  dependencies:
  - libgcc-ng >=9.4.0
  url: https://conda.anaconda.org/conda-forge/linux-64/libffi-3.4.2-h7f98852_5.tar.bz2
  hash:
    md5: d645c6d2ac96843a2bfaccd2d62b3ac3
    sha256: ab6e9856c21709b7b517e940ae7028ae0737546122f83c2aa5d692860c3b149e
  build: h7f98852_5
  arch: x86_64
  subdir: linux-64
  build_number: 5
  license: MIT
  license_family: MIT
  size: 58292
  timestamp: 1636488182923
- platform: linux-64
  name: libgcc-ng
  version: 13.2.0
  category: main
  manager: conda
  dependencies:
  - _libgcc_mutex 0.1 conda_forge
  - _openmp_mutex >=4.5
  url: https://conda.anaconda.org/conda-forge/linux-64/libgcc-ng-13.2.0-h807b86a_3.conda
  hash:
    md5: 23fdf1fef05baeb7eadc2aed5fb0011f
    sha256: 5e88f658e07a30ab41b154b42c59f079b168acfa9551a75bdc972099453f4105
  build: h807b86a_3
  arch: x86_64
  subdir: linux-64
  build_number: 3
  constrains:
  - libgomp 13.2.0 h807b86a_3
  license: GPL-3.0-only WITH GCC-exception-3.1
  license_family: GPL
  size: 773629
  timestamp: 1699753612541
- platform: linux-64
  name: libgomp
  version: 13.2.0
  category: main
  manager: conda
  dependencies:
  - _libgcc_mutex 0.1 conda_forge
  url: https://conda.anaconda.org/conda-forge/linux-64/libgomp-13.2.0-h807b86a_3.conda
  hash:
    md5: 7124cbb46b13d395bdde68f2d215c989
    sha256: 6ebedee39b6bbbc969715d0d7fa4b381cce67e1139862604ffa393f821c08e81
  build: h807b86a_3
  arch: x86_64
  subdir: linux-64
  build_number: 3
  license: GPL-3.0-only WITH GCC-exception-3.1
  license_family: GPL
  size: 421834
  timestamp: 1699753531479
- platform: linux-64
  name: libnsl
  version: 2.0.1
  category: main
  manager: conda
  dependencies:
  - libgcc-ng >=12
  url: https://conda.anaconda.org/conda-forge/linux-64/libnsl-2.0.1-hd590300_0.conda
  hash:
    md5: 30fd6e37fe21f86f4bd26d6ee73eeec7
    sha256: 26d77a3bb4dceeedc2a41bd688564fe71bf2d149fdcf117049970bc02ff1add6
  build: hd590300_0
  arch: x86_64
  subdir: linux-64
  build_number: 0
  license: LGPL-2.1-only
  license_family: GPL
  size: 33408
  timestamp: 1697359010159
- platform: linux-64
  name: libsqlite
  version: 3.44.2
  category: main
  manager: conda
  dependencies:
  - libgcc-ng >=12
  - libzlib >=1.2.13,<1.3.0a0
  url: https://conda.anaconda.org/conda-forge/linux-64/libsqlite-3.44.2-h2797004_0.conda
  hash:
    md5: 3b6a9f225c3dbe0d24f4fedd4625c5bf
    sha256: ee2c4d724a3ed60d5b458864d66122fb84c6ce1df62f735f90d8db17b66cd88a
  build: h2797004_0
  arch: x86_64
  subdir: linux-64
  build_number: 0
  license: Unlicense
  size: 845830
  timestamp: 1700863204572
- platform: linux-64
  name: libstdcxx-ng
  version: 13.2.0
  category: main
  manager: conda
  dependencies: []
  url: https://conda.anaconda.org/conda-forge/linux-64/libstdcxx-ng-13.2.0-h7e041cc_3.conda
  hash:
    md5: 937eaed008f6bf2191c5fe76f87755e9
    sha256: 6c6c49efedcc5709a66f19fb6b26b69c6a5245310fd1d9a901fd5e38aaf7f882
  build: h7e041cc_3
  arch: x86_64
  subdir: linux-64
  build_number: 3
  license: GPL-3.0-only WITH GCC-exception-3.1
  license_family: GPL
  size: 3842940
  timestamp: 1699753676253
- platform: linux-64
  name: libuuid
  version: 2.38.1
  category: main
  manager: conda
  dependencies:
  - libgcc-ng >=12
  url: https://conda.anaconda.org/conda-forge/linux-64/libuuid-2.38.1-h0b41bf4_0.conda
  hash:
    md5: 40b61aab5c7ba9ff276c41cfffe6b80b
    sha256: 787eb542f055a2b3de553614b25f09eefb0a0931b0c87dbcce6efdfd92f04f18
  build: h0b41bf4_0
  arch: x86_64
  subdir: linux-64
  build_number: 0
  license: BSD-3-Clause
  license_family: BSD
  size: 33601
  timestamp: 1680112270483
- platform: linux-64
  name: libzlib
  version: 1.2.13
  category: main
  manager: conda
  dependencies:
  - libgcc-ng >=12
  url: https://conda.anaconda.org/conda-forge/linux-64/libzlib-1.2.13-hd590300_5.conda
  hash:
    md5: f36c115f1ee199da648e0597ec2047ad
    sha256: 370c7c5893b737596fd6ca0d9190c9715d89d888b8c88537ae1ef168c25e82e4
  build: hd590300_5
  arch: x86_64
  subdir: linux-64
  build_number: 5
  constrains:
  - zlib 1.2.13 *_5
  license: Zlib
  license_family: Other
  size: 61588
  timestamp: 1686575217516
- platform: linux-64
  name: ncurses
  version: '6.4'
  category: main
  manager: conda
  dependencies:
  - libgcc-ng >=12
  url: https://conda.anaconda.org/conda-forge/linux-64/ncurses-6.4-h59595ed_2.conda
  hash:
    md5: 7dbaa197d7ba6032caf7ae7f32c1efa0
    sha256: 91cc03f14caf96243cead96c76fe91ab5925a695d892e83285461fb927dece5e
  build: h59595ed_2
  arch: x86_64
  subdir: linux-64
  build_number: 2
  license: X11 AND BSD-3-Clause
  size: 884434
  timestamp: 1698751260967
- platform: linux-64
  name: openssl
  version: 3.2.0
  category: main
  manager: conda
  dependencies:
  - ca-certificates
  - libgcc-ng >=12
  url: https://conda.anaconda.org/conda-forge/linux-64/openssl-3.2.0-hd590300_1.conda
  hash:
    md5: 603827b39ea2b835268adb8c821b8570
    sha256: 80efc6f429bd8e622d999652e5cba2ca56fcdb9c16a439d2ce9b4313116e4a87
  build: hd590300_1
  arch: x86_64
  subdir: linux-64
  build_number: 1
  constrains:
  - pyopenssl >=22.1
  license: Apache-2.0
  license_family: Apache
  size: 2854103
  timestamp: 1701162437033
- platform: linux-64
  name: pycparser
  version: '2.21'
  category: main
  manager: conda
  dependencies:
  - python ==2.7.*|>=3.4
  url: https://conda.anaconda.org/conda-forge/noarch/pycparser-2.21-pyhd8ed1ab_0.tar.bz2
  hash:
    md5: 076becd9e05608f8dc72757d5f3a91ff
    sha256: 74c63fd03f1f1ea2b54e8bc529fd1a600aaafb24027b738d0db87909ee3a33dc
  build: pyhd8ed1ab_0
  arch: x86_64
  subdir: linux-64
  build_number: 0
  license: BSD-3-Clause
  license_family: BSD
  noarch: python
  size: 102747
  timestamp: 1636257201998
- platform: linux-64
  name: pydantic
  version: 2.5.2
  category: main
  manager: conda
  dependencies:
  - annotated-types >=0.4.0
  - pydantic-core 2.14.5
  - python >=3.7
  - typing-extensions >=4.6.1
  url: https://conda.anaconda.org/conda-forge/noarch/pydantic-2.5.2-pyhd8ed1ab_0.conda
  hash:
    md5: 3f908ebfccbfd09946961862d26bb9af
    sha256: e3baa6424af931d8d7c5a0554b24d85faf3471df8036181d598065beed3096de
  build: pyhd8ed1ab_0
  arch: x86_64
  subdir: linux-64
  build_number: 0
  license: MIT
  license_family: MIT
  noarch: python
  size: 262032
  timestamp: 1700669351342
- platform: linux-64
  name: pydantic-core
  version: 2.14.5
  category: main
  manager: conda
  dependencies:
  - libgcc-ng >=12
  - python >=3.12,<3.13.0a0
  - python_abi 3.12.* *_cp312
  - typing-extensions >=4.6.0
  url: https://conda.anaconda.org/conda-forge/linux-64/pydantic-core-2.14.5-py312h4b3b743_0.conda
  hash:
    md5: b4acf1a354ca4ef55bdcf4eaf9f9398e
    sha256: 35a87515cd189ee3b60c86eaf321872520395a2fccf86deeef6fd5bca5946bbc
  build: py312h4b3b743_0
  arch: x86_64
  subdir: linux-64
  build_number: 0
  license: MIT
  license_family: MIT
  size: 1598839
  timestamp: 1700664401096
- platform: linux-64
  name: pysocks
  version: 1.7.1
  category: main
  manager: conda
  dependencies:
  - __unix
  - python >=3.8
  url: https://conda.anaconda.org/conda-forge/noarch/pysocks-1.7.1-pyha2e5f31_6.tar.bz2
  hash:
    md5: 2a7de29fb590ca14b5243c4c812c8025
    sha256: a42f826e958a8d22e65b3394f437af7332610e43ee313393d1cf143f0a2d274b
  build: pyha2e5f31_6
  arch: x86_64
  subdir: linux-64
  build_number: 6
  license: BSD-3-Clause
  license_family: BSD
  noarch: python
  size: 18981
  timestamp: 1661604969727
- platform: linux-64
  name: python
  version: 3.12.0
  category: main
  manager: conda
  dependencies:
  - bzip2 >=1.0.8,<2.0a0
  - ld_impl_linux-64 >=2.36.1
  - libexpat >=2.5.0,<3.0a0
  - libffi >=3.4,<4.0a0
  - libgcc-ng >=12
  - libnsl >=2.0.0,<2.1.0a0
  - libsqlite >=3.43.0,<4.0a0
  - libuuid >=2.38.1,<3.0a0
  - libzlib >=1.2.13,<1.3.0a0
  - ncurses >=6.4,<7.0a0
  - openssl >=3.1.3,<4.0a0
  - readline >=8.2,<9.0a0
  - tk >=8.6.13,<8.7.0a0
  - tzdata
  - xz >=5.2.6,<6.0a0
  url: https://conda.anaconda.org/conda-forge/linux-64/python-3.12.0-hab00c5b_0_cpython.conda
  hash:
    md5: 7f97faab5bebcc2580f4f299285323da
    sha256: 5398ebae6a1ccbfd3f76361eac75f3ac071527a8072627c4bf9008c689034f48
  build: hab00c5b_0_cpython
  arch: x86_64
  subdir: linux-64
  build_number: 0
  constrains:
  - python_abi 3.12.* *_cp312
  license: Python-2.0
  size: 32123473
  timestamp: 1696324522323
- platform: linux-64
  name: python-multipart
  version: 0.0.6
  category: main
  manager: conda
  dependencies:
  - python >=3.7
  url: https://conda.anaconda.org/conda-forge/noarch/python-multipart-0.0.6-pyhd8ed1ab_0.conda
  hash:
    md5: f4f642eeda814c1b65f46fbdf7e89096
    sha256: 2a9b8d02a6ec9862433cfc2741c4cbfe321e4ae3bab066f7ed84bc00effb73d7
  build: pyhd8ed1ab_0
  arch: x86_64
  subdir: linux-64
  build_number: 0
  license: Apache-2.0
  license_family: Apache
  noarch: python
  size: 39796
  timestamp: 1679167567194
- platform: linux-64
  name: python_abi
  version: '3.12'
  category: main
  manager: conda
  dependencies: []
  url: https://conda.anaconda.org/conda-forge/linux-64/python_abi-3.12-4_cp312.conda
  hash:
    md5: dccc2d142812964fcc6abdc97b672dff
    sha256: 182a329de10a4165f6e8a3804caf751f918f6ea6176dd4e5abcdae1ed3095bf6
  build: 4_cp312
  arch: x86_64
  subdir: linux-64
  build_number: 4
  constrains:
  - python 3.12.* *_cpython
  license: BSD-3-Clause
  license_family: BSD
  size: 6385
  timestamp: 1695147396604
- platform: linux-64
  name: readline
  version: '8.2'
  category: main
  manager: conda
  dependencies:
  - libgcc-ng >=12
  - ncurses >=6.3,<7.0a0
  url: https://conda.anaconda.org/conda-forge/linux-64/readline-8.2-h8228510_1.conda
  hash:
    md5: 47d31b792659ce70f470b5c82fdfb7a4
    sha256: 5435cf39d039387fbdc977b0a762357ea909a7694d9528ab40f005e9208744d7
  build: h8228510_1
  arch: x86_64
  subdir: linux-64
  build_number: 1
  license: GPL-3.0-only
  license_family: GPL
  size: 281456
  timestamp: 1679532220005
- platform: linux-64
  name: requests
  version: 2.31.0
  category: main
  manager: conda
  dependencies:
  - certifi >=2017.4.17
  - charset-normalizer >=2,<4
  - idna >=2.5,<4
  - python >=3.7
  - urllib3 >=1.21.1,<3
  url: https://conda.anaconda.org/conda-forge/noarch/requests-2.31.0-pyhd8ed1ab_0.conda
  hash:
    md5: a30144e4156cdbb236f99ebb49828f8b
    sha256: 9f629d6fd3c8ac5f2a198639fe7af87c4db2ac9235279164bfe0fcb49d8c4bad
  build: pyhd8ed1ab_0
  arch: x86_64
  subdir: linux-64
  build_number: 0
  constrains:
  - chardet >=3.0.2,<6
  license: Apache-2.0
  license_family: APACHE
  noarch: python
  size: 56690
  timestamp: 1684774408600
- platform: linux-64
  name: sniffio
  version: 1.3.0
  category: main
  manager: conda
  dependencies:
  - python >=3.7
  url: https://conda.anaconda.org/conda-forge/noarch/sniffio-1.3.0-pyhd8ed1ab_0.tar.bz2
  hash:
    md5: dd6cbc539e74cb1f430efbd4575b9303
    sha256: a3fd30754c20ddb28b777db38345ea00d958f46701f0decd6291a81c0f4eee78
  build: pyhd8ed1ab_0
  arch: x86_64
  subdir: linux-64
  build_number: 0
  license: Apache-2.0
  license_family: Apache
  noarch: python
  size: 14358
  timestamp: 1662051357638
- platform: linux-64
  name: sqlalchemy
  version: 2.0.23
  category: main
  manager: conda
  dependencies:
  - greenlet !=0.4.17
  - libgcc-ng >=12
  - python >=3.12,<3.13.0a0
  - python_abi 3.12.* *_cp312
  - typing-extensions >=4.2.0
  url: https://conda.anaconda.org/conda-forge/linux-64/sqlalchemy-2.0.23-py312h98912ed_0.conda
  hash:
    md5: e52b6b741edfbc6a2265d86dfe99b9f9
    sha256: 8a6822558760309e53f19ba305de1f324c4627b9b1541e40883dfea10864f4a0
  build: py312h98912ed_0
  arch: x86_64
  subdir: linux-64
  build_number: 0
  license: MIT
  license_family: MIT
  size: 3461978
  timestamp: 1698950803133
- platform: linux-64
  name: sqlmodel
  version: 0.0.14
  category: main
  manager: conda
  dependencies:
  - pydantic >=1.10.13,<3.0.0
  - python >=3.7,<4.0
  - sqlalchemy >=2.0.0,<2.1.0
  url: https://conda.anaconda.org/conda-forge/noarch/sqlmodel-0.0.14-pyhd8ed1ab_0.conda
  hash:
    md5: f012dcd926c122666f14bd231b25a462
    sha256: dea1c00f850e76f4e06b5e40fea508e22bc7122d091dda8bd55920eb5d5e3af6
  build: pyhd8ed1ab_0
  arch: x86_64
  subdir: linux-64
  build_number: 0
  license: MIT
  license_family: MIT
  noarch: python
  size: 28519
  timestamp: 1701728641247
- platform: linux-64
  name: starlette
  version: 0.27.0
  category: main
  manager: conda
  dependencies:
  - anyio <5,>=3.4.0
  - python >=3.7
  - typing_extensions >=3.10.0
  url: https://conda.anaconda.org/conda-forge/noarch/starlette-0.27.0-pyhd8ed1ab_0.conda
  hash:
    md5: 6facb6fc201d334257db8004439705d3
    sha256: d155b6be8071b5c29c2056dd9e7ba8fee1ce38f977450d99a925918c1af12521
  build: pyhd8ed1ab_0
  arch: x86_64
  subdir: linux-64
  build_number: 0
  license: BSD-3-Clause
  license_family: BSD
  noarch: python
  size: 54786
  timestamp: 1684245223878
- platform: linux-64
  name: tk
  version: 8.6.13
  category: main
  manager: conda
  dependencies:
  - libgcc-ng >=12
  - libzlib >=1.2.13,<1.3.0a0
  url: https://conda.anaconda.org/conda-forge/linux-64/tk-8.6.13-noxft_h4845f30_101.conda
  hash:
    md5: d453b98d9c83e71da0741bb0ff4d76bc
    sha256: e0569c9caa68bf476bead1bed3d79650bb080b532c64a4af7d8ca286c08dea4e
  build: noxft_h4845f30_101
  arch: x86_64
  subdir: linux-64
  build_number: 101
  license: TCL
  license_family: BSD
  size: 3318875
  timestamp: 1699202167581
- platform: linux-64
  name: typing-extensions
  version: 4.9.0
  category: main
  manager: conda
  dependencies:
  - typing_extensions 4.9.0 pyha770c72_0
  url: https://conda.anaconda.org/conda-forge/noarch/typing-extensions-4.9.0-hd8ed1ab_0.conda
  hash:
    md5: c16524c1b7227dc80b36b4fa6f77cc86
    sha256: d795c1eb1db4ea147f01ece74e5a504d7c2e8d5ee8c11ec987884967dd938f9c
  build: hd8ed1ab_0
  arch: x86_64
  subdir: linux-64
  build_number: 0
  license: PSF-2.0
  license_family: PSF
  noarch: python
  size: 10191
  timestamp: 1702176301116
- platform: linux-64
  name: typing_extensions
  version: 4.9.0
  category: main
  manager: conda
  dependencies:
  - python >=3.8
  url: https://conda.anaconda.org/conda-forge/noarch/typing_extensions-4.9.0-pyha770c72_0.conda
  hash:
    md5: a92a6440c3fe7052d63244f3aba2a4a7
    sha256: f3c5be8673bfd905c4665efcb27fa50192f24f84fa8eff2f19cba5d09753d905
  build: pyha770c72_0
  arch: x86_64
  subdir: linux-64
  build_number: 0
  license: PSF-2.0
  license_family: PSF
  noarch: python
  size: 36058
  timestamp: 1702176292645
- platform: linux-64
  name: tzdata
  version: 2023c
  category: main
  manager: conda
  dependencies: []
  url: https://conda.anaconda.org/conda-forge/noarch/tzdata-2023c-h71feb2d_0.conda
  hash:
    md5: 939e3e74d8be4dac89ce83b20de2492a
    sha256: 0449138224adfa125b220154408419ec37c06b0b49f63c5954724325903ecf55
  build: h71feb2d_0
  arch: x86_64
  subdir: linux-64
  build_number: 0
  license: LicenseRef-Public-Domain
  noarch: generic
  size: 117580
  timestamp: 1680041306008
- platform: linux-64
  name: urllib3
  version: 2.1.0
  category: main
  manager: conda
  dependencies:
  - brotli-python >=1.0.9
  - pysocks >=1.5.6,<2.0,!=1.5.7
  - python >=3.7
  url: https://conda.anaconda.org/conda-forge/noarch/urllib3-2.1.0-pyhd8ed1ab_0.conda
  hash:
    md5: f8ced8ee63830dec7ecc1be048d1470a
    sha256: eff5029820b4eaeab3a291a39854a6cd8fc8c4216264087f68c2d8d59822c869
  build: pyhd8ed1ab_0
  arch: x86_64
  subdir: linux-64
  build_number: 0
  license: MIT
  license_family: MIT
  noarch: python
  size: 85324
  timestamp: 1699933655057
- platform: linux-64
  name: uvicorn
  version: 0.24.0.post1
  category: main
  manager: conda
  dependencies:
  - click >=7.0
  - h11 >=0.8
  - python >=3.12,<3.13.0a0
  - python_abi 3.12.* *_cp312
  url: https://conda.anaconda.org/conda-forge/linux-64/uvicorn-0.24.0.post1-py312h7900ff3_0.conda
  hash:
    md5: 46d542df8ecc1e63abb766c709816bfe
    sha256: 3f4cece770b3411e0ef3298c7040baef5d7ceddf06a5d2e4c6ff1b7d58470c54
  build: py312h7900ff3_0
  arch: x86_64
  subdir: linux-64
  build_number: 0
  license: BSD-3-Clause
  license_family: BSD
  size: 127451
  timestamp: 1701335197239
- platform: linux-64
  name: xz
  version: 5.2.6
  category: main
  manager: conda
  dependencies:
  - libgcc-ng >=12
  url: https://conda.anaconda.org/conda-forge/linux-64/xz-5.2.6-h166bdaf_0.tar.bz2
  hash:
    md5: 2161070d867d1b1204ea749c8eec4ef0
    sha256: 03a6d28ded42af8a347345f82f3eebdd6807a08526d47899a42d62d319609162
  build: h166bdaf_0
  arch: x86_64
  subdir: linux-64
  build_number: 0
  license: LGPL-2.1 and GPL-2.0
  size: 418368
  timestamp: 1660346797927
version: 1
